
Microsoft Visual Studio Solution File, Format Version 12.00
# Visual Studio Version 17
VisualStudioVersion = 17.9.34723.18
MinimumVisualStudioVersion = 10.0.40219.1
Project("{9A19103F-16F7-4668-BE54-9A1E7A4F7556}") = "TurnosRepository", "TurnosRepository\TurnosRepository.csproj", "{3C084A50-F88B-4A79-BD59-75FD1838DAA5}"
EndProject
Project("{9A19103F-16F7-4668-BE54-9A1E7A4F7556}") = "TurnosApi", "TurnosApi\TurnosApi.csproj", "{D5009327-4621-430E-BBDE-75BB3F810481}"
EndProject
Global
	GlobalSection(SolutionConfigurationPlatforms) = preSolution
		Debug|Any CPU = Debug|Any CPU
		Release|Any CPU = Release|Any CPU
	EndGlobalSection
	GlobalSection(ProjectConfigurationPlatforms) = postSolution
		{3C084A50-F88B-4A79-BD59-75FD1838DAA5}.Debug|Any CPU.ActiveCfg = Debug|Any CPU
		{3C084A50-F88B-4A79-BD59-75FD1838DAA5}.Debug|Any CPU.Build.0 = Debug|Any CPU
		{3C084A50-F88B-4A79-BD59-75FD1838DAA5}.Release|Any CPU.ActiveCfg = Release|Any CPU
		{3C084A50-F88B-4A79-BD59-75FD1838DAA5}.Release|Any CPU.Build.0 = Release|Any CPU
		{D5009327-4621-430E-BBDE-75BB3F810481}.Debug|Any CPU.ActiveCfg = Debug|Any CPU
		{D5009327-4621-430E-BBDE-75BB3F810481}.Debug|Any CPU.Build.0 = Debug|Any CPU
		{D5009327-4621-430E-BBDE-75BB3F810481}.Release|Any CPU.ActiveCfg = Release|Any CPU
		{D5009327-4621-430E-BBDE-75BB3F810481}.Release|Any CPU.Build.0 = Release|Any CPU
	EndGlobalSection
	GlobalSection(SolutionProperties) = preSolution
		HideSolutionNode = FALSE
	EndGlobalSection
	GlobalSection(ExtensibilityGlobals) = postSolution
		SolutionGuid = {2067B357-6AD0-420E-800D-138DD126B5EE}
	EndGlobalSection
EndGlobal
